// !$*UTF8*$!
{
	archiveVersion = 1;
	classes = {
	};
	objectVersion = 77;
	objects = {

/* Begin PBXContainerItemProxy section */
		AC5AE33B2CE5BCEF00AE1EE7 /* PBXContainerItemProxy */ = {
			isa = PBXContainerItemProxy;
			containerPortal = AC5AE3212CE5BCEE00AE1EE7 /* Project object */;
			proxyType = 1;
			remoteGlobalIDString = AC5AE3282CE5BCEE00AE1EE7;
			remoteInfo = ButtonSwipeApp;
		};
		AC5AE3452CE5BCEF00AE1EE7 /* PBXContainerItemProxy */ = {
			isa = PBXContainerItemProxy;
			containerPortal = AC5AE3212CE5BCEE00AE1EE7 /* Project object */;
			proxyType = 1;
			remoteGlobalIDString = AC5AE3282CE5BCEE00AE1EE7;
			remoteInfo = ButtonSwipeApp;
		};
/* End PBXContainerItemProxy section */

/* Begin PBXFileReference section */
		AC5AE3292CE5BCEE00AE1EE7 /* ButtonSwipeApp.app */ = {isa = PBXFileReference; explicitFileType = wrapper.application; includeInIndex = 0; path = ButtonSwipeApp.app; sourceTree = BUILT_PRODUCTS_DIR; };
		AC5AE33A2CE5BCEF00AE1EE7 /* ButtonSwipeAppTests.xctest */ = {isa = PBXFileReference; explicitFileType = wrapper.cfbundle; includeInIndex = 0; path = ButtonSwipeAppTests.xctest; sourceTree = BUILT_PRODUCTS_DIR; };
		AC5AE3442CE5BCEF00AE1EE7 /* ButtonSwipeAppUITests.xctest */ = {isa = PBXFileReference; explicitFileType = wrapper.cfbundle; includeInIndex = 0; path = ButtonSwipeAppUITests.xctest; sourceTree = BUILT_PRODUCTS_DIR; };
/* End PBXFileReference section */

/* Begin PBXFileSystemSynchronizedRootGroup section */
		AC5AE32B2CE5BCEE00AE1EE7 /* ButtonSwipeApp */ = {
			isa = PBXFileSystemSynchronizedRootGroup;
			path = ButtonSwipeApp;
			sourceTree = "<group>";
		};
		AC5AE33D2CE5BCEF00AE1EE7 /* ButtonSwipeAppTests */ = {
			isa = PBXFileSystemSynchronizedRootGroup;
			path = ButtonSwipeAppTests;
			sourceTree = "<group>";
		};
		AC5AE3472CE5BCEF00AE1EE7 /* ButtonSwipeAppUITests */ = {
			isa = PBXFileSystemSynchronizedRootGroup;
			path = ButtonSwipeAppUITests;
			sourceTree = "<group>";
		};
/* End PBXFileSystemSynchronizedRootGroup section */

/* Begin PBXFrameworksBuildPhase section */
		AC5AE3262CE5BCEE00AE1EE7 /* Frameworks */ = {
			isa = PBXFrameworksBuildPhase;
			buildActionMask = 2147483647;
			files = (
			);
			runOnlyForDeploymentPostprocessing = 0;
		};
		AC5AE3372CE5BCEF00AE1EE7 /* Frameworks */ = {
			isa = PBXFrameworksBuildPhase;
			buildActionMask = 2147483647;
			files = (
			);
			runOnlyForDeploymentPostprocessing = 0;
		};
		AC5AE3412CE5BCEF00AE1EE7 /* Frameworks */ = {
			isa = PBXFrameworksBuildPhase;
			buildActionMask = 2147483647;
			files = (
			);
			runOnlyForDeploymentPostprocessing = 0;
		};
/* End PBXFrameworksBuildPhase section */

/* Begin PBXGroup section */
		AC5AE3202CE5BCEE00AE1EE7 = {
			isa = PBXGroup;
			children = (
				AC5AE32B2CE5BCEE00AE1EE7 /* ButtonSwipeApp */,
				AC5AE33D2CE5BCEF00AE1EE7 /* ButtonSwipeAppTests */,
				AC5AE3472CE5BCEF00AE1EE7 /* ButtonSwipeAppUITests */,
				AC5AE32A2CE5BCEE00AE1EE7 /* Products */,
			);
			sourceTree = "<group>";
		};
		AC5AE32A2CE5BCEE00AE1EE7 /* Products */ = {
			isa = PBXGroup;
			children = (
				AC5AE3292CE5BCEE00AE1EE7 /* ButtonSwipeApp.app */,
				AC5AE33A2CE5BCEF00AE1EE7 /* ButtonSwipeAppTests.xctest */,
				AC5AE3442CE5BCEF00AE1EE7 /* ButtonSwipeAppUITests.xctest */,
			);
			name = Products;
			sourceTree = "<group>";
		};
/* End PBXGroup section */

/* Begin PBXNativeTarget section */
		AC5AE3282CE5BCEE00AE1EE7 /* ButtonSwipeApp */ = {
			isa = PBXNativeTarget;
			buildConfigurationList = AC5AE34E2CE5BCEF00AE1EE7 /* Build configuration list for PBXNativeTarget "ButtonSwipeApp" */;
			buildPhases = (
				AC5AE3252CE5BCEE00AE1EE7 /* Sources */,
				AC5AE3262CE5BCEE00AE1EE7 /* Frameworks */,
				AC5AE3272CE5BCEE00AE1EE7 /* Resources */,
			);
			buildRules = (
			);
			dependencies = (
			);
			fileSystemSynchronizedGroups = (
				AC5AE32B2CE5BCEE00AE1EE7 /* ButtonSwipeApp */,
			);
			name = ButtonSwipeApp;
			packageProductDependencies = (
			);
			productName = ButtonSwipeApp;
			productReference = AC5AE3292CE5BCEE00AE1EE7 /* ButtonSwipeApp.app */;
			productType = "com.apple.product-type.application";
		};
		AC5AE3392CE5BCEF00AE1EE7 /* ButtonSwipeAppTests */ = {
			isa = PBXNativeTarget;
			buildConfigurationList = AC5AE3512CE5BCEF00AE1EE7 /* Build configuration list for PBXNativeTarget "ButtonSwipeAppTests" */;
			buildPhases = (
				AC5AE3362CE5BCEF00AE1EE7 /* Sources */,
				AC5AE3372CE5BCEF00AE1EE7 /* Frameworks */,
				AC5AE3382CE5BCEF00AE1EE7 /* Resources */,
			);
			buildRules = (
			);
			dependencies = (
				AC5AE33C2CE5BCEF00AE1EE7 /* PBXTargetDependency */,
			);
			fileSystemSynchronizedGroups = (
				AC5AE33D2CE5BCEF00AE1EE7 /* ButtonSwipeAppTests */,
			);
			name = ButtonSwipeAppTests;
			packageProductDependencies = (
			);
			productName = ButtonSwipeAppTests;
			productReference = AC5AE33A2CE5BCEF00AE1EE7 /* ButtonSwipeAppTests.xctest */;
			productType = "com.apple.product-type.bundle.unit-test";
		};
		AC5AE3432CE5BCEF00AE1EE7 /* ButtonSwipeAppUITests */ = {
			isa = PBXNativeTarget;
			buildConfigurationList = AC5AE3542CE5BCEF00AE1EE7 /* Build configuration list for PBXNativeTarget "ButtonSwipeAppUITests" */;
			buildPhases = (
				AC5AE3402CE5BCEF00AE1EE7 /* Sources */,
				AC5AE3412CE5BCEF00AE1EE7 /* Frameworks */,
				AC5AE3422CE5BCEF00AE1EE7 /* Resources */,
			);
			buildRules = (
			);
			dependencies = (
				AC5AE3462CE5BCEF00AE1EE7 /* PBXTargetDependency */,
			);
			fileSystemSynchronizedGroups = (
				AC5AE3472CE5BCEF00AE1EE7 /* ButtonSwipeAppUITests */,
			);
			name = ButtonSwipeAppUITests;
			packageProductDependencies = (
			);
			productName = ButtonSwipeAppUITests;
			productReference = AC5AE3442CE5BCEF00AE1EE7 /* ButtonSwipeAppUITests.xctest */;
			productType = "com.apple.product-type.bundle.ui-testing";
		};
/* End PBXNativeTarget section */

/* Begin PBXProject section */
		AC5AE3212CE5BCEE00AE1EE7 /* Project object */ = {
			isa = PBXProject;
			attributes = {
				BuildIndependentTargetsInParallel = 1;
				LastSwiftUpdateCheck = 1610;
				LastUpgradeCheck = 1610;
				TargetAttributes = {
					AC5AE3282CE5BCEE00AE1EE7 = {
						CreatedOnToolsVersion = 16.1;
					};
					AC5AE3392CE5BCEF00AE1EE7 = {
						CreatedOnToolsVersion = 16.1;
						TestTargetID = AC5AE3282CE5BCEE00AE1EE7;
					};
					AC5AE3432CE5BCEF00AE1EE7 = {
						CreatedOnToolsVersion = 16.1;
						TestTargetID = AC5AE3282CE5BCEE00AE1EE7;
					};
				};
			};
			buildConfigurationList = AC5AE3242CE5BCEE00AE1EE7 /* Build configuration list for PBXProject "ButtonSwipeApp" */;
			developmentRegion = en;
			hasScannedForEncodings = 0;
			knownRegions = (
				en,
				Base,
			);
			mainGroup = AC5AE3202CE5BCEE00AE1EE7;
			minimizedProjectReferenceProxies = 1;
			preferredProjectObjectVersion = 77;
			productRefGroup = AC5AE32A2CE5BCEE00AE1EE7 /* Products */;
			projectDirPath = "";
			projectRoot = "";
			targets = (
				AC5AE3282CE5BCEE00AE1EE7 /* ButtonSwipeApp */,
				AC5AE3392CE5BCEF00AE1EE7 /* ButtonSwipeAppTests */,
				AC5AE3432CE5BCEF00AE1EE7 /* ButtonSwipeAppUITests */,
			);
		};
/* End PBXProject section */

/* Begin PBXResourcesBuildPhase section */
		AC5AE3272CE5BCEE00AE1EE7 /* Resources */ = {
			isa = PBXResourcesBuildPhase;
			buildActionMask = 2147483647;
			files = (
			);
			runOnlyForDeploymentPostprocessing = 0;
		};
		AC5AE3382CE5BCEF00AE1EE7 /* Resources */ = {
			isa = PBXResourcesBuildPhase;
			buildActionMask = 2147483647;
			files = (
			);
			runOnlyForDeploymentPostprocessing = 0;
		};
		AC5AE3422CE5BCEF00AE1EE7 /* Resources */ = {
			isa = PBXResourcesBuildPhase;
			buildActionMask = 2147483647;
			files = (
			);
			runOnlyForDeploymentPostprocessing = 0;
		};
/* End PBXResourcesBuildPhase section */

/* Begin PBXSourcesBuildPhase section */
		AC5AE3252CE5BCEE00AE1EE7 /* Sources */ = {
			isa = PBXSourcesBuildPhase;
			buildActionMask = 2147483647;
			files = (
			);
			runOnlyForDeploymentPostprocessing = 0;
		};
		AC5AE3362CE5BCEF00AE1EE7 /* Sources */ = {
			isa = PBXSourcesBuildPhase;
			buildActionMask = 2147483647;
			files = (
			);
			runOnlyForDeploymentPostprocessing = 0;
		};
		AC5AE3402CE5BCEF00AE1EE7 /* Sources */ = {
			isa = PBXSourcesBuildPhase;
			buildActionMask = 2147483647;
			files = (
			);
			runOnlyForDeploymentPostprocessing = 0;
		};
/* End PBXSourcesBuildPhase section */

/* Begin PBXTargetDependency section */
		AC5AE33C2CE5BCEF00AE1EE7 /* PBXTargetDependency */ = {
			isa = PBXTargetDependency;
			target = AC5AE3282CE5BCEE00AE1EE7 /* ButtonSwipeApp */;
			targetProxy = AC5AE33B2CE5BCEF00AE1EE7 /* PBXContainerItemProxy */;
		};
		AC5AE3462CE5BCEF00AE1EE7 /* PBXTargetDependency */ = {
			isa = PBXTargetDependency;
			target = AC5AE3282CE5BCEE00AE1EE7 /* ButtonSwipeApp */;
			targetProxy = AC5AE3452CE5BCEF00AE1EE7 /* PBXContainerItemProxy */;
		};
/* End PBXTargetDependency section */

/* Begin XCBuildConfiguration section */
		AC5AE34C2CE5BCEF00AE1EE7 /* Debug */ = {
			isa = XCBuildConfiguration;
			buildSettings = {
				ALWAYS_SEARCH_USER_PATHS = NO;
				ASSETCATALOG_COMPILER_GENERATE_SWIFT_ASSET_SYMBOL_EXTENSIONS = YES;
				CLANG_ANALYZER_NONNULL = YES;
				CLANG_ANALYZER_NUMBER_OBJECT_CONVERSION = YES_AGGRESSIVE;
				CLANG_CXX_LANGUAGE_STANDARD = "gnu++20";
				CLANG_ENABLE_MODULES = YES;
				CLANG_ENABLE_OBJC_ARC = YES;
				CLANG_ENABLE_OBJC_WEAK = YES;
				CLANG_WARN_BLOCK_CAPTURE_AUTORELEASING = YES;
				CLANG_WARN_BOOL_CONVERSION = YES;
				CLANG_WARN_COMMA = YES;
				CLANG_WARN_CONSTANT_CONVERSION = YES;
				CLANG_WARN_DEPRECATED_OBJC_IMPLEMENTATIONS = YES;
				CLANG_WARN_DIRECT_OBJC_ISA_USAGE = YES_ERROR;
				CLANG_WARN_DOCUMENTATION_COMMENTS = YES;
				CLANG_WARN_EMPTY_BODY = YES;
				CLANG_WARN_ENUM_CONVERSION = YES;
				CLANG_WARN_INFINITE_RECURSION = YES;
				CLANG_WARN_INT_CONVERSION = YES;
				CLANG_WARN_NON_LITERAL_NULL_CONVERSION = YES;
				CLANG_WARN_OBJC_IMPLICIT_RETAIN_SELF = YES;
				CLANG_WARN_OBJC_LITERAL_CONVERSION = YES;
				CLANG_WARN_OBJC_ROOT_CLASS = YES_ERROR;
				CLANG_WARN_QUOTED_INCLUDE_IN_FRAMEWORK_HEADER = YES;
				CLANG_WARN_RANGE_LOOP_ANALYSIS = YES;
				CLANG_WARN_STRICT_PROTOTYPES = YES;
				CLANG_WARN_SUSPICIOUS_MOVE = YES;
				CLANG_WARN_UNGUARDED_AVAILABILITY = YES_AGGRESSIVE;
				CLANG_WARN_UNREACHABLE_CODE = YES;
				CLANG_WARN__DUPLICATE_METHOD_MATCH = YES;
				COPY_PHASE_STRIP = NO;
				DEBUG_INFORMATION_FORMAT = dwarf;
				ENABLE_STRICT_OBJC_MSGSEND = YES;
				ENABLE_TESTABILITY = YES;
				ENABLE_USER_SCRIPT_SANDBOXING = YES;
				GCC_C_LANGUAGE_STANDARD = gnu17;
				GCC_DYNAMIC_NO_PIC = NO;
				GCC_NO_COMMON_BLOCKS = YES;
				GCC_OPTIMIZATION_LEVEL = 0;
				GCC_PREPROCESSOR_DEFINITIONS = (
					"DEBUG=1",
					"$(inherited)",
				);
				GCC_WARN_64_TO_32_BIT_CONVERSION = YES;
				GCC_WARN_ABOUT_RETURN_TYPE = YES_ERROR;
				GCC_WARN_UNDECLARED_SELECTOR = YES;
				GCC_WARN_UNINITIALIZED_AUTOS = YES_AGGRESSIVE;
				GCC_WARN_UNUSED_FUNCTION = YES;
				GCC_WARN_UNUSED_VARIABLE = YES;
				LOCALIZATION_PREFERS_STRING_CATALOGS = YES;
				MTL_ENABLE_DEBUG_INFO = INCLUDE_SOURCE;
				MTL_FAST_MATH = YES;
				ONLY_ACTIVE_ARCH = YES;
				SWIFT_ACTIVE_COMPILATION_CONDITIONS = "DEBUG $(inherited)";
				SWIFT_OPTIMIZATION_LEVEL = "-Onone";
			};
			name = Debug;
		};
		AC5AE34D2CE5BCEF00AE1EE7 /* Release */ = {
			isa = XCBuildConfiguration;
			buildSettings = {
				ALWAYS_SEARCH_USER_PATHS = NO;
				ASSETCATALOG_COMPILER_GENERATE_SWIFT_ASSET_SYMBOL_EXTENSIONS = YES;
				CLANG_ANALYZER_NONNULL = YES;
				CLANG_ANALYZER_NUMBER_OBJECT_CONVERSION = YES_AGGRESSIVE;
				CLANG_CXX_LANGUAGE_STANDARD = "gnu++20";
				CLANG_ENABLE_MODULES = YES;
				CLANG_ENABLE_OBJC_ARC = YES;
				CLANG_ENABLE_OBJC_WEAK = YES;
				CLANG_WARN_BLOCK_CAPTURE_AUTORELEASING = YES;
				CLANG_WARN_BOOL_CONVERSION = YES;
				CLANG_WARN_COMMA = YES;
				CLANG_WARN_CONSTANT_CONVERSION = YES;
				CLANG_WARN_DEPRECATED_OBJC_IMPLEMENTATIONS = YES;
				CLANG_WARN_DIRECT_OBJC_ISA_USAGE = YES_ERROR;
				CLANG_WARN_DOCUMENTATION_COMMENTS = YES;
				CLANG_WARN_EMPTY_BODY = YES;
				CLANG_WARN_ENUM_CONVERSION = YES;
				CLANG_WARN_INFINITE_RECURSION = YES;
				CLANG_WARN_INT_CONVERSION = YES;
				CLANG_WARN_NON_LITERAL_NULL_CONVERSION = YES;
				CLANG_WARN_OBJC_IMPLICIT_RETAIN_SELF = YES;
				CLANG_WARN_OBJC_LITERAL_CONVERSION = YES;
				CLANG_WARN_OBJC_ROOT_CLASS = YES_ERROR;
				CLANG_WARN_QUOTED_INCLUDE_IN_FRAMEWORK_HEADER = YES;
				CLANG_WARN_RANGE_LOOP_ANALYSIS = YES;
				CLANG_WARN_STRICT_PROTOTYPES = YES;
				CLANG_WARN_SUSPICIOUS_MOVE = YES;
				CLANG_WARN_UNGUARDED_AVAILABILITY = YES_AGGRESSIVE;
				CLANG_WARN_UNREACHABLE_CODE = YES;
				CLANG_WARN__DUPLICATE_METHOD_MATCH = YES;
				COPY_PHASE_STRIP = NO;
				DEBUG_INFORMATION_FORMAT = "dwarf-with-dsym";
				ENABLE_NS_ASSERTIONS = NO;
				ENABLE_STRICT_OBJC_MSGSEND = YES;
				ENABLE_USER_SCRIPT_SANDBOXING = YES;
				GCC_C_LANGUAGE_STANDARD = gnu17;
				GCC_NO_COMMON_BLOCKS = YES;
				GCC_WARN_64_TO_32_BIT_CONVERSION = YES;
				GCC_WARN_ABOUT_RETURN_TYPE = YES_ERROR;
				GCC_WARN_UNDECLARED_SELECTOR = YES;
				GCC_WARN_UNINITIALIZED_AUTOS = YES_AGGRESSIVE;
				GCC_WARN_UNUSED_FUNCTION = YES;
				GCC_WARN_UNUSED_VARIABLE = YES;
				LOCALIZATION_PREFERS_STRING_CATALOGS = YES;
				MTL_ENABLE_DEBUG_INFO = NO;
				MTL_FAST_MATH = YES;
				SWIFT_COMPILATION_MODE = wholemodule;
			};
			name = Release;
		};
		AC5AE34F2CE5BCEF00AE1EE7 /* Debug */ = {
			isa = XCBuildConfiguration;
			buildSettings = {
				ASSETCATALOG_COMPILER_APPICON_NAME = AppIcon;
				ASSETCATALOG_COMPILER_GLOBAL_ACCENT_COLOR_NAME = AccentColor;
				CODE_SIGN_ENTITLEMENTS = ButtonSwipeApp/ButtonSwipeApp.entitlements;
				CODE_SIGN_STYLE = Automatic;
				CURRENT_PROJECT_VERSION = 1;
				DEVELOPMENT_ASSET_PATHS = "\"ButtonSwipeApp/Preview Content\"";
				ENABLE_PREVIEWS = YES;
				GENERATE_INFOPLIST_FILE = YES;
				"INFOPLIST_KEY_UIApplicationSceneManifest_Generation[sdk=iphoneos*]" = YES;
				"INFOPLIST_KEY_UIApplicationSceneManifest_Generation[sdk=iphonesimulator*]" = YES;
				"INFOPLIST_KEY_UIApplicationSupportsIndirectInputEvents[sdk=iphoneos*]" = YES;
				"INFOPLIST_KEY_UIApplicationSupportsIndirectInputEvents[sdk=iphonesimulator*]" = YES;
				"INFOPLIST_KEY_UILaunchScreen_Generation[sdk=iphoneos*]" = YES;
				"INFOPLIST_KEY_UILaunchScreen_Generation[sdk=iphonesimulator*]" = YES;
				"INFOPLIST_KEY_UIStatusBarStyle[sdk=iphoneos*]" = UIStatusBarStyleDefault;
				"INFOPLIST_KEY_UIStatusBarStyle[sdk=iphonesimulator*]" = UIStatusBarStyleDefault;
				INFOPLIST_KEY_UISupportedInterfaceOrientations_iPad = "UIInterfaceOrientationPortrait UIInterfaceOrientationPortraitUpsideDown UIInterfaceOrientationLandscapeLeft UIInterfaceOrientationLandscapeRight";
				INFOPLIST_KEY_UISupportedInterfaceOrientations_iPhone = "UIInterfaceOrientationPortrait UIInterfaceOrientationLandscapeLeft UIInterfaceOrientationLandscapeRight";
				IPHONEOS_DEPLOYMENT_TARGET = 18.1;
				LD_RUNPATH_SEARCH_PATHS = "@executable_path/Frameworks";
				"LD_RUNPATH_SEARCH_PATHS[sdk=macosx*]" = "@executable_path/../Frameworks";
				MACOSX_DEPLOYMENT_TARGET = 15.1;
				MARKETING_VERSION = 1.0;
				PRODUCT_BUNDLE_IDENTIFIER = jbcodeapp.ButtonSwipeApp;
				PRODUCT_NAME = "$(TARGET_NAME)";
				SDKROOT = auto;
				SUPPORTED_PLATFORMS = "iphoneos iphonesimulator macosx xros xrsimulator";
				SWIFT_EMIT_LOC_STRINGS = YES;
				SWIFT_VERSION = 5.0;
				TARGETED_DEVICE_FAMILY = "1,2,7";
				XROS_DEPLOYMENT_TARGET = 2.1;
			};
			name = Debug;
		};
		AC5AE3502CE5BCEF00AE1EE7 /* Release */ = {
			isa = XCBuildConfiguration;
			buildSettings = {
				ASSETCATALOG_COMPILER_APPICON_NAME = AppIcon;
				ASSETCATALOG_COMPILER_GLOBAL_ACCENT_COLOR_NAME = AccentColor;
				CODE_SIGN_ENTITLEMENTS = ButtonSwipeApp/ButtonSwipeApp.entitlements;
				CODE_SIGN_STYLE = Automatic;
				CURRENT_PROJECT_VERSION = 1;
				DEVELOPMENT_ASSET_PATHS = "\"ButtonSwipeApp/Preview Content\"";
				ENABLE_PREVIEWS = YES;
				GENERATE_INFOPLIST_FILE = YES;
				"INFOPLIST_KEY_UIApplicationSceneManifest_Generation[sdk=iphoneos*]" = YES;
				"INFOPLIST_KEY_UIApplicationSceneManifest_Generation[sdk=iphonesimulator*]" = YES;
				"INFOPLIST_KEY_UIApplicationSupportsIndirectInputEvents[sdk=iphoneos*]" = YES;
				"INFOPLIST_KEY_UIApplicationSupportsIndirectInputEvents[sdk=iphonesimulator*]" = YES;
				"INFOPLIST_KEY_UILaunchScreen_Generation[sdk=iphoneos*]" = YES;
				"INFOPLIST_KEY_UILaunchScreen_Generation[sdk=iphonesimulator*]" = YES;
				"INFOPLIST_KEY_UIStatusBarStyle[sdk=iphoneos*]" = UIStatusBarStyleDefault;
				"INFOPLIST_KEY_UIStatusBarStyle[sdk=iphonesimulator*]" = UIStatusBarStyleDefault;
				INFOPLIST_KEY_UISupportedInterfaceOrientations_iPad = "UIInterfaceOrientationPortrait UIInterfaceOrientationPortraitUpsideDown UIInterfaceOrientationLandscapeLeft UIInterfaceOrientationLandscapeRight";
				INFOPLIST_KEY_UISupportedInterfaceOrientations_iPhone = "UIInterfaceOrientationPortrait UIInterfaceOrientationLandscapeLeft UIInterfaceOrientationLandscapeRight";
				IPHONEOS_DEPLOYMENT_TARGET = 18.1;
				LD_RUNPATH_SEARCH_PATHS = "@executable_path/Frameworks";
				"LD_RUNPATH_SEARCH_PATHS[sdk=macosx*]" = "@executable_path/../Frameworks";
				MACOSX_DEPLOYMENT_TARGET = 15.1;
				MARKETING_VERSION = 1.0;
				PRODUCT_BUNDLE_IDENTIFIER = jbcodeapp.ButtonSwipeApp;
				PRODUCT_NAME = "$(TARGET_NAME)";
				SDKROOT = auto;
				SUPPORTED_PLATFORMS = "iphoneos iphonesimulator macosx xros xrsimulator";
				SWIFT_EMIT_LOC_STRINGS = YES;
				SWIFT_VERSION = 5.0;
				TARGETED_DEVICE_FAMILY = "1,2,7";
				XROS_DEPLOYMENT_TARGET = 2.1;
			};
			name = Release;
		};
		AC5AE3522CE5BCEF00AE1EE7 /* Debug */ = {
			isa = XCBuildConfiguration;
			buildSettings = {
				BUNDLE_LOADER = "$(TEST_HOST)";
				CODE_SIGN_STYLE = Automatic;
				CURRENT_PROJECT_VERSION = 1;
				GENERATE_INFOPLIST_FILE = YES;
				IPHONEOS_DEPLOYMENT_TARGET = 18.1;
				MACOSX_DEPLOYMENT_TARGET = 15.1;
				MARKETING_VERSION = 1.0;
				PRODUCT_BUNDLE_IDENTIFIER = jbcodeapp.ButtonSwipeAppTests;
				PRODUCT_NAME = "$(TARGET_NAME)";
				SDKROOT = auto;
				SUPPORTED_PLATFORMS = "iphoneos iphonesimulator macosx xros xrsimulator";
				SWIFT_EMIT_LOC_STRINGS = NO;
				SWIFT_VERSION = 5.0;
				TARGETED_DEVICE_FAMILY = "1,2,7";
				TEST_HOST = "$(BUILT_PRODUCTS_DIR)/ButtonSwipeApp.app/$(BUNDLE_EXECUTABLE_FOLDER_PATH)/ButtonSwipeApp";
				XROS_DEPLOYMENT_TARGET = 2.1;
			};
			name = Debug;
		};
		AC5AE3532CE5BCEF00AE1EE7 /* Release */ = {
			isa = XCBuildConfiguration;
			buildSettings = {
				BUNDLE_LOADER = "$(TEST_HOST)";
				CODE_SIGN_STYLE = Automatic;
				CURRENT_PROJECT_VERSION = 1;
				GENERATE_INFOPLIST_FILE = YES;
				IPHONEOS_DEPLOYMENT_TARGET = 18.1;
				MACOSX_DEPLOYMENT_TARGET = 15.1;
				MARKETING_VERSION = 1.0;
				PRODUCT_BUNDLE_IDENTIFIER = jbcodeapp.ButtonSwipeAppTests;
				PRODUCT_NAME = "$(TARGET_NAME)";
				SDKROOT = auto;
				SUPPORTED_PLATFORMS = "iphoneos iphonesimulator macosx xros xrsimulator";
				SWIFT_EMIT_LOC_STRINGS = NO;
				SWIFT_VERSION = 5.0;
				TARGETED_DEVICE_FAMILY = "1,2,7";
				TEST_HOST = "$(BUILT_PRODUCTS_DIR)/ButtonSwipeApp.app/$(BUNDLE_EXECUTABLE_FOLDER_PATH)/ButtonSwipeApp";
				XROS_DEPLOYMENT_TARGET = 2.1;
			};
			name = Release;
		};
		AC5AE3552CE5BCEF00AE1EE7 /* Debug */ = {
			isa = XCBuildConfiguration;
			buildSettings = {
				CODE_SIGN_STYLE = Automatic;
				CURRENT_PROJECT_VERSION = 1;
				GENERATE_INFOPLIST_FILE = YES;
				IPHONEOS_DEPLOYMENT_TARGET = 18.1;
				MACOSX_DEPLOYMENT_TARGET = 15.1;
				MARKETING_VERSION = 1.0;
				PRODUCT_BUNDLE_IDENTIFIER = jbcodeapp.ButtonSwipeAppUITests;
				PRODUCT_NAME = "$(TARGET_NAME)";
				SDKROOT = auto;
				SUPPORTED_PLATFORMS = "iphoneos iphonesimulator macosx xros xrsimulator";
				SWIFT_EMIT_LOC_STRINGS = NO;
				SWIFT_VERSION = 5.0;
				TARGETED_DEVICE_FAMILY = "1,2,7";
				TEST_TARGET_NAME = ButtonSwipeApp;
				XROS_DEPLOYMENT_TARGET = 2.1;
			};
			name = Debug;
		};
		AC5AE3562CE5BCEF00AE1EE7 /* Release */ = {
			isa = XCBuildConfiguration;
			buildSettings = {
				CODE_SIGN_STYLE = Automatic;
				CURRENT_PROJECT_VERSION = 1;
				GENERATE_INFOPLIST_FILE = YES;
				IPHONEOS_DEPLOYMENT_TARGET = 18.1;
				MACOSX_DEPLOYMENT_TARGET = 15.1;
				MARKETING_VERSION = 1.0;
				PRODUCT_BUNDLE_IDENTIFIER = jbcodeapp.ButtonSwipeAppUITests;
				PRODUCT_NAME = "$(TARGET_NAME)";
				SDKROOT = auto;
				SUPPORTED_PLATFORMS = "iphoneos iphonesimulator macosx xros xrsimulator";
				SWIFT_EMIT_LOC_STRINGS = NO;
				SWIFT_VERSION = 5.0;
				TARGETED_DEVICE_FAMILY = "1,2,7";
				TEST_TARGET_NAME = ButtonSwipeApp;
				XROS_DEPLOYMENT_TARGET = 2.1;
			};
			name = Release;
		};
/* End XCBuildConfiguration section */

/* Begin XCConfigurationList section */
		AC5AE3242CE5BCEE00AE1EE7 /* Build configuration list for PBXProject "ButtonSwipeApp" */ = {
			isa = XCConfigurationList;
			buildConfigurations = (
				AC5AE34C2CE5BCEF00AE1EE7 /* Debug */,
				AC5AE34D2CE5BCEF00AE1EE7 /* Release */,
			);
			defaultConfigurationIsVisible = 0;
			defaultConfigurationName = Release;
		};
		AC5AE34E2CE5BCEF00AE1EE7 /* Build configuration list for PBXNativeTarget "ButtonSwipeApp" */ = {
			isa = XCConfigurationList;
			buildConfigurations = (
				AC5AE34F2CE5BCEF00AE1EE7 /* Debug */,
				AC5AE3502CE5BCEF00AE1EE7 /* Release */,
			);
			defaultConfigurationIsVisible = 0;
			defaultConfigurationName = Release;
		};
		AC5AE3512CE5BCEF00AE1EE7 /* Build configuration list for PBXNativeTarget "ButtonSwipeAppTests" */ = {
			isa = XCConfigurationList;
			buildConfigurations = (
				AC5AE3522CE5BCEF00AE1EE7 /* Debug */,
				AC5AE3532CE5BCEF00AE1EE7 /* Release */,
			);
			defaultConfigurationIsVisible = 0;
			defaultConfigurationName = Release;
		};
		AC5AE3542CE5BCEF00AE1EE7 /* Build configuration list for PBXNativeTarget "ButtonSwipeAppUITests" */ = {
			isa = XCConfigurationList;
			buildConfigurations = (
				AC5AE3552CE5BCEF00AE1EE7 /* Debug */,
				AC5AE3562CE5BCEF00AE1EE7 /* Release */,
			);
			defaultConfigurationIsVisible = 0;
			defaultConfigurationName = Release;
		};
/* End XCConfigurationList section */
	};
	rootObject = AC5AE3212CE5BCEE00AE1EE7 /* Project object */;
}
